
Microsoft Visual Studio Solution File, Format Version 12.00
# Visual Studio Version 17
VisualStudioVersion = 17.1.32210.238
MinimumVisualStudioVersion = 10.0.40219.1
Project("{FAE04EC0-301F-11D3-BF4B-00C04F79EFBC}") = "CS311_Project_2_CPA", "CS311_Project_2_CPA.csproj", "{DE9E03F2-60CB-4721-BBBB-1C573A7DB0C6}"
EndProject
Global
	GlobalSection(SolutionConfigurationPlatforms) = preSolution
		Debug|Any CPU = Debug|Any CPU
		Release|Any CPU = Release|Any CPU
	EndGlobalSection
	GlobalSection(ProjectConfigurationPlatforms) = postSolution
		{DE9E03F2-60CB-4721-BBBB-1C573A7DB0C6}.Debug|Any CPU.ActiveCfg = Debug|Any CPU
		{DE9E03F2-60CB-4721-BBBB-1C573A7DB0C6}.Debug|Any CPU.Build.0 = Debug|Any CPU
		{DE9E03F2-60CB-4721-BBBB-1C573A7DB0C6}.Release|Any CPU.ActiveCfg = Release|Any CPU
		{DE9E03F2-60CB-4721-BBBB-1C573A7DB0C6}.Release|Any CPU.Build.0 = Release|Any CPU
	EndGlobalSection
	GlobalSection(SolutionProperties) = preSolution
		HideSolutionNode = FALSE
	EndGlobalSection
	GlobalSection(ExtensibilityGlobals) = postSolution
		SolutionGuid = {47B0F4C7-722C-4E1A-B253-7B3061FB1759}
	EndGlobalSection
EndGlobal
